
Microsoft Visual Studio Solution File, Format Version 11.00
# Visual Studio 2010
Project("{FAE04EC0-301F-11D3-BF4B-00C04F79EFBC}") = "MarsRover.Tests", "src\MarsRover.Tests\MarsRover.Tests.csproj", "{A090D36C-DE97-41F6-BF33-0867168DFBCB}"
EndProject
Global
	GlobalSection(SolutionConfigurationPlatforms) = preSolution
		Debug|Any CPU = Debug|Any CPU
		Release|Any CPU = Release|Any CPU
	EndGlobalSection
	GlobalSection(ProjectConfigurationPlatforms) = postSolution
		{A090D36C-DE97-41F6-BF33-0867168DFBCB}.Debug|Any CPU.ActiveCfg = Debug|Any CPU
		{A090D36C-DE97-41F6-BF33-0867168DFBCB}.Debug|Any CPU.Build.0 = Debug|Any CPU
		{A090D36C-DE97-41F6-BF33-0867168DFBCB}.Release|Any CPU.ActiveCfg = Release|Any CPU
		{A090D36C-DE97-41F6-BF33-0867168DFBCB}.Release|Any CPU.Build.0 = Release|Any CPU
	EndGlobalSection
	GlobalSection(MonoDevelopProperties) = preSolution
		StartupItem = src\MarsRover.Tests\MarsRover.Tests.csproj
	EndGlobalSection
EndGlobal
